
Microsoft Visual Studio Solution File, Format Version 12.00
# Visual Studio Version 17
VisualStudioVersion = 17.0.32112.339
MinimumVisualStudioVersion = 10.0.40219.1
Project("{9A19103F-16F7-4668-BE54-9A1E7A4F7556}") = "OnboardingBackend", "OnboardingBackend\OnboardingBackend.csproj", "{76F793DB-1309-4751-8B22-7B6F5B7752A5}"
EndProject
Project("{9A19103F-16F7-4668-BE54-9A1E7A4F7556}") = "TestOnboarding", "TestOnboarding\TestOnboarding.csproj", "{989BB4EB-D4B8-4DAE-A061-EA948EBCBCB5}"
EndProject
Global
	GlobalSection(SolutionConfigurationPlatforms) = preSolution
		Debug|Any CPU = Debug|Any CPU
		Release|Any CPU = Release|Any CPU
	EndGlobalSection
	GlobalSection(ProjectConfigurationPlatforms) = postSolution
		{76F793DB-1309-4751-8B22-7B6F5B7752A5}.Debug|Any CPU.ActiveCfg = Debug|Any CPU
		{76F793DB-1309-4751-8B22-7B6F5B7752A5}.Debug|Any CPU.Build.0 = Debug|Any CPU
		{76F793DB-1309-4751-8B22-7B6F5B7752A5}.Release|Any CPU.ActiveCfg = Release|Any CPU
		{76F793DB-1309-4751-8B22-7B6F5B7752A5}.Release|Any CPU.Build.0 = Release|Any CPU
		{989BB4EB-D4B8-4DAE-A061-EA948EBCBCB5}.Debug|Any CPU.ActiveCfg = Debug|Any CPU
		{989BB4EB-D4B8-4DAE-A061-EA948EBCBCB5}.Debug|Any CPU.Build.0 = Debug|Any CPU
		{989BB4EB-D4B8-4DAE-A061-EA948EBCBCB5}.Release|Any CPU.ActiveCfg = Release|Any CPU
		{989BB4EB-D4B8-4DAE-A061-EA948EBCBCB5}.Release|Any CPU.Build.0 = Release|Any CPU
	EndGlobalSection
	GlobalSection(SolutionProperties) = preSolution
		HideSolutionNode = FALSE
	EndGlobalSection
	GlobalSection(ExtensibilityGlobals) = postSolution
		SolutionGuid = {7C924753-ED6A-40CC-9E60-31C3D7524072}
	EndGlobalSection
EndGlobal
